
Microsoft Visual Studio Solution File, Format Version 12.00
# Visual Studio Version 17
VisualStudioVersion = 17.5.33502.453
MinimumVisualStudioVersion = 10.0.40219.1
Project("{FAE04EC0-301F-11D3-BF4B-00C04F79EFBC}") = "SortingVisualiser", "SortingVisualiser\SortingVisualiser.csproj", "{285F9B98-B591-4B9A-B5F7-F9EC96119E12}"
EndProject
Project("{FAE04EC0-301F-11D3-BF4B-00C04F79EFBC}") = "Visualiser", "Visualiser\Visualiser.csproj", "{EB875E38-B747-4E5F-919F-5619F7FEFC48}"
EndProject
Global
	GlobalSection(SolutionConfigurationPlatforms) = preSolution
		Debug|Any CPU = Debug|Any CPU
		Release|Any CPU = Release|Any CPU
	EndGlobalSection
	GlobalSection(ProjectConfigurationPlatforms) = postSolution
		{285F9B98-B591-4B9A-B5F7-F9EC96119E12}.Debug|Any CPU.ActiveCfg = Debug|Any CPU
		{285F9B98-B591-4B9A-B5F7-F9EC96119E12}.Debug|Any CPU.Build.0 = Debug|Any CPU
		{285F9B98-B591-4B9A-B5F7-F9EC96119E12}.Release|Any CPU.ActiveCfg = Release|Any CPU
		{285F9B98-B591-4B9A-B5F7-F9EC96119E12}.Release|Any CPU.Build.0 = Release|Any CPU
		{EB875E38-B747-4E5F-919F-5619F7FEFC48}.Debug|Any CPU.ActiveCfg = Debug|Any CPU
		{EB875E38-B747-4E5F-919F-5619F7FEFC48}.Debug|Any CPU.Build.0 = Debug|Any CPU
		{EB875E38-B747-4E5F-919F-5619F7FEFC48}.Release|Any CPU.ActiveCfg = Release|Any CPU
		{EB875E38-B747-4E5F-919F-5619F7FEFC48}.Release|Any CPU.Build.0 = Release|Any CPU
	EndGlobalSection
	GlobalSection(SolutionProperties) = preSolution
		HideSolutionNode = FALSE
	EndGlobalSection
	GlobalSection(ExtensibilityGlobals) = postSolution
		SolutionGuid = {5B98832C-99B8-4409-BCBB-F42CE9B994F4}
	EndGlobalSection
EndGlobal
